
Microsoft Visual Studio Solution File, Format Version 12.00
# Visual Studio Version 17
VisualStudioVersion = 17.0.31903.59
MinimumVisualStudioVersion = 10.0.40219.1
Project("{FAE04EC0-301F-11D3-BF4B-00C04F79EFBC}") = "rappi.Api", "rappi.Api\rappi.Api.csproj", "{224D571B-C081-4C82-8F59-A819022058F0}"
EndProject
Project("{FAE04EC0-301F-11D3-BF4B-00C04F79EFBC}") = "rappi.Application", "rappi.Application\rappi.Application.csproj", "{DCBCB1E7-C7B5-4AD2-B083-243F0F4C477C}"
EndProject
Project("{FAE04EC0-301F-11D3-BF4B-00C04F79EFBC}") = "rappi.Domain", "rappi.Domain\rappi.Domain.csproj", "{5B6BFDE1-22EB-40FC-A642-514879FF52CE}"
EndProject
Project("{FAE04EC0-301F-11D3-BF4B-00C04F79EFBC}") = "rappi.Infrastructure", "rappi.Infrastructure\rappi.Infrastructure.csproj", "{19DAC568-E5FE-4EF6-9772-3FBEE6CEA1E0}"
EndProject
Global
	GlobalSection(SolutionConfigurationPlatforms) = preSolution
		Debug|Any CPU = Debug|Any CPU
		Release|Any CPU = Release|Any CPU
	EndGlobalSection
	GlobalSection(SolutionProperties) = preSolution
		HideSolutionNode = FALSE
	EndGlobalSection
	GlobalSection(ProjectConfigurationPlatforms) = postSolution
		{224D571B-C081-4C82-8F59-A819022058F0}.Debug|Any CPU.ActiveCfg = Debug|Any CPU
		{224D571B-C081-4C82-8F59-A819022058F0}.Debug|Any CPU.Build.0 = Debug|Any CPU
		{224D571B-C081-4C82-8F59-A819022058F0}.Release|Any CPU.ActiveCfg = Release|Any CPU
		{224D571B-C081-4C82-8F59-A819022058F0}.Release|Any CPU.Build.0 = Release|Any CPU
		{DCBCB1E7-C7B5-4AD2-B083-243F0F4C477C}.Debug|Any CPU.ActiveCfg = Debug|Any CPU
		{DCBCB1E7-C7B5-4AD2-B083-243F0F4C477C}.Debug|Any CPU.Build.0 = Debug|Any CPU
		{DCBCB1E7-C7B5-4AD2-B083-243F0F4C477C}.Release|Any CPU.ActiveCfg = Release|Any CPU
		{DCBCB1E7-C7B5-4AD2-B083-243F0F4C477C}.Release|Any CPU.Build.0 = Release|Any CPU
		{5B6BFDE1-22EB-40FC-A642-514879FF52CE}.Debug|Any CPU.ActiveCfg = Debug|Any CPU
		{5B6BFDE1-22EB-40FC-A642-514879FF52CE}.Debug|Any CPU.Build.0 = Debug|Any CPU
		{5B6BFDE1-22EB-40FC-A642-514879FF52CE}.Release|Any CPU.ActiveCfg = Release|Any CPU
		{5B6BFDE1-22EB-40FC-A642-514879FF52CE}.Release|Any CPU.Build.0 = Release|Any CPU
		{19DAC568-E5FE-4EF6-9772-3FBEE6CEA1E0}.Debug|Any CPU.ActiveCfg = Debug|Any CPU
		{19DAC568-E5FE-4EF6-9772-3FBEE6CEA1E0}.Debug|Any CPU.Build.0 = Debug|Any CPU
		{19DAC568-E5FE-4EF6-9772-3FBEE6CEA1E0}.Release|Any CPU.ActiveCfg = Release|Any CPU
		{19DAC568-E5FE-4EF6-9772-3FBEE6CEA1E0}.Release|Any CPU.Build.0 = Release|Any CPU
	EndGlobalSection
EndGlobal
